
Microsoft Visual Studio Solution File, Format Version 12.00
# Visual Studio Version 17
VisualStudioVersion = 17.2.32616.157
MinimumVisualStudioVersion = 10.0.40219.1
Project("{FAE04EC0-301F-11D3-BF4B-00C04F79EFBC}") = "OpenSilverReadEmbeddedLicense.Browser", "OpenSilverReadEmbeddedLicense.Browser\OpenSilverReadEmbeddedLicense.Browser.csproj", "{A757BD30-30CF-44F3-B195-5E2B27048B17}"
EndProject
Project("{FAE04EC0-301F-11D3-BF4B-00C04F79EFBC}") = "OpenSilverReadEmbeddedLicense", "OpenSilverReadEmbeddedLicense\OpenSilverReadEmbeddedLicense.csproj", "{05D32964-D9B1-48F4-ADC2-9172FB996F43}"
EndProject
Project("{FAE04EC0-301F-11D3-BF4B-00C04F79EFBC}") = "OpenSilverReadEmbeddedLicense.Simulator", "OpenSilverReadEmbeddedLicense.Simulator\OpenSilverReadEmbeddedLicense.Simulator.csproj", "{1EEEE720-F554-4A7B-83C9-DD39CB04C493}"
EndProject
Global
	GlobalSection(SolutionConfigurationPlatforms) = preSolution
		Debug|Any CPU = Debug|Any CPU
		Release|Any CPU = Release|Any CPU
	EndGlobalSection
	GlobalSection(ProjectConfigurationPlatforms) = postSolution
		{A757BD30-30CF-44F3-B195-5E2B27048B17}.Debug|Any CPU.ActiveCfg = Debug|Any CPU
		{A757BD30-30CF-44F3-B195-5E2B27048B17}.Debug|Any CPU.Build.0 = Debug|Any CPU
		{A757BD30-30CF-44F3-B195-5E2B27048B17}.Release|Any CPU.ActiveCfg = Release|Any CPU
		{A757BD30-30CF-44F3-B195-5E2B27048B17}.Release|Any CPU.Build.0 = Release|Any CPU
		{05D32964-D9B1-48F4-ADC2-9172FB996F43}.Debug|Any CPU.ActiveCfg = Debug|Any CPU
		{05D32964-D9B1-48F4-ADC2-9172FB996F43}.Debug|Any CPU.Build.0 = Debug|Any CPU
		{05D32964-D9B1-48F4-ADC2-9172FB996F43}.Release|Any CPU.ActiveCfg = Release|Any CPU
		{05D32964-D9B1-48F4-ADC2-9172FB996F43}.Release|Any CPU.Build.0 = Release|Any CPU
		{1EEEE720-F554-4A7B-83C9-DD39CB04C493}.Debug|Any CPU.ActiveCfg = Debug|Any CPU
		{1EEEE720-F554-4A7B-83C9-DD39CB04C493}.Debug|Any CPU.Build.0 = Debug|Any CPU
		{1EEEE720-F554-4A7B-83C9-DD39CB04C493}.Release|Any CPU.ActiveCfg = Release|Any CPU
		{1EEEE720-F554-4A7B-83C9-DD39CB04C493}.Release|Any CPU.Build.0 = Release|Any CPU
	EndGlobalSection
	GlobalSection(SolutionProperties) = preSolution
		HideSolutionNode = FALSE
	EndGlobalSection
	GlobalSection(ExtensibilityGlobals) = postSolution
		SolutionGuid = {AE6B55B0-5067-4927-8420-1DD362C800E3}
	EndGlobalSection
EndGlobal
